
Microsoft Visual Studio Solution File, Format Version 12.00
# Visual Studio Version 16
VisualStudioVersion = 16.0.29519.181
MinimumVisualStudioVersion = 10.0.40219.1
Project("{FAE04EC0-301F-11D3-BF4B-00C04F79EFBC}") = "WindowsFormsApp6", "WindowsFormsApp6\WindowsFormsApp6.csproj", "{51EF8B2D-6782-45E3-8451-5C222AF2EC27}"
EndProject
Global
	GlobalSection(SolutionConfigurationPlatforms) = preSolution
		Debug|Any CPU = Debug|Any CPU
		Release|Any CPU = Release|Any CPU
	EndGlobalSection
	GlobalSection(ProjectConfigurationPlatforms) = postSolution
		{51EF8B2D-6782-45E3-8451-5C222AF2EC27}.Debug|Any CPU.ActiveCfg = Debug|Any CPU
		{51EF8B2D-6782-45E3-8451-5C222AF2EC27}.Debug|Any CPU.Build.0 = Debug|Any CPU
		{51EF8B2D-6782-45E3-8451-5C222AF2EC27}.Release|Any CPU.ActiveCfg = Release|Any CPU
		{51EF8B2D-6782-45E3-8451-5C222AF2EC27}.Release|Any CPU.Build.0 = Release|Any CPU
	EndGlobalSection
	GlobalSection(SolutionProperties) = preSolution
		HideSolutionNode = FALSE
	EndGlobalSection
	GlobalSection(ExtensibilityGlobals) = postSolution
		SolutionGuid = {E5A09236-70F6-4F12-B5BF-0477437311DC}
	EndGlobalSection
EndGlobal
